
Microsoft Visual Studio Solution File, Format Version 12.00
Project("{FAE04EC0-301F-11D3-BF4B-00C04F79EFBC}") = "Homework2_LiudvynskyiV.S", "Homework2_LiudvynskyiV.S\Homework2_LiudvynskyiV.S.csproj", "{4C88E7BA-4C8F-4505-852B-27383E1460A0}"
EndProject
Global
	GlobalSection(SolutionConfigurationPlatforms) = preSolution
		Debug|Any CPU = Debug|Any CPU
		Release|Any CPU = Release|Any CPU
	EndGlobalSection
	GlobalSection(ProjectConfigurationPlatforms) = postSolution
		{4C88E7BA-4C8F-4505-852B-27383E1460A0}.Debug|Any CPU.ActiveCfg = Debug|Any CPU
		{4C88E7BA-4C8F-4505-852B-27383E1460A0}.Debug|Any CPU.Build.0 = Debug|Any CPU
		{4C88E7BA-4C8F-4505-852B-27383E1460A0}.Release|Any CPU.ActiveCfg = Release|Any CPU
		{4C88E7BA-4C8F-4505-852B-27383E1460A0}.Release|Any CPU.Build.0 = Release|Any CPU
	EndGlobalSection
EndGlobal
