
Microsoft Visual Studio Solution File, Format Version 12.00
Project("{FAE04EC0-301F-11D3-BF4B-00C04F79EFBC}") = "Homework14_LiudvynskyiV.S", "Homework14_LiudvynskyiV.S\Homework14_LiudvynskyiV.S.csproj", "{C6E050DB-700F-4B7D-81C3-61D49EA521B4}"
EndProject
Global
	GlobalSection(SolutionConfigurationPlatforms) = preSolution
		Debug|Any CPU = Debug|Any CPU
		Release|Any CPU = Release|Any CPU
	EndGlobalSection
	GlobalSection(ProjectConfigurationPlatforms) = postSolution
		{C6E050DB-700F-4B7D-81C3-61D49EA521B4}.Debug|Any CPU.ActiveCfg = Debug|Any CPU
		{C6E050DB-700F-4B7D-81C3-61D49EA521B4}.Debug|Any CPU.Build.0 = Debug|Any CPU
		{C6E050DB-700F-4B7D-81C3-61D49EA521B4}.Release|Any CPU.ActiveCfg = Release|Any CPU
		{C6E050DB-700F-4B7D-81C3-61D49EA521B4}.Release|Any CPU.Build.0 = Release|Any CPU
	EndGlobalSection
EndGlobal
