
Microsoft Visual Studio Solution File, Format Version 12.00
Project("{FAE04EC0-301F-11D3-BF4B-00C04F79EFBC}") = "Homework8_LiudvynskyiV.S", "Homework8_LiudvynskyiV.S\Homework8_LiudvynskyiV.S.csproj", "{D8469103-6EE9-4B78-9F07-A199FA23CDF0}"
EndProject
Global
	GlobalSection(SolutionConfigurationPlatforms) = preSolution
		Debug|Any CPU = Debug|Any CPU
		Release|Any CPU = Release|Any CPU
	EndGlobalSection
	GlobalSection(ProjectConfigurationPlatforms) = postSolution
		{D8469103-6EE9-4B78-9F07-A199FA23CDF0}.Debug|Any CPU.ActiveCfg = Debug|Any CPU
		{D8469103-6EE9-4B78-9F07-A199FA23CDF0}.Debug|Any CPU.Build.0 = Debug|Any CPU
		{D8469103-6EE9-4B78-9F07-A199FA23CDF0}.Release|Any CPU.ActiveCfg = Release|Any CPU
		{D8469103-6EE9-4B78-9F07-A199FA23CDF0}.Release|Any CPU.Build.0 = Release|Any CPU
	EndGlobalSection
EndGlobal
