
Microsoft Visual Studio Solution File, Format Version 12.00
Project("{FAE04EC0-301F-11D3-BF4B-00C04F79EFBC}") = "Homework7_LiudvynskyiV.S", "Homework7_LiudvynskyiV.S\Homework7_LiudvynskyiV.S.csproj", "{D60DB962-39C0-4A6C-AD88-3C9D4830F0CF}"
EndProject
Global
	GlobalSection(SolutionConfigurationPlatforms) = preSolution
		Debug|Any CPU = Debug|Any CPU
		Release|Any CPU = Release|Any CPU
	EndGlobalSection
	GlobalSection(ProjectConfigurationPlatforms) = postSolution
		{D60DB962-39C0-4A6C-AD88-3C9D4830F0CF}.Debug|Any CPU.ActiveCfg = Debug|Any CPU
		{D60DB962-39C0-4A6C-AD88-3C9D4830F0CF}.Debug|Any CPU.Build.0 = Debug|Any CPU
		{D60DB962-39C0-4A6C-AD88-3C9D4830F0CF}.Release|Any CPU.ActiveCfg = Release|Any CPU
		{D60DB962-39C0-4A6C-AD88-3C9D4830F0CF}.Release|Any CPU.Build.0 = Release|Any CPU
	EndGlobalSection
EndGlobal
