
Microsoft Visual Studio Solution File, Format Version 12.00
Project("{FAE04EC0-301F-11D3-BF4B-00C04F79EFBC}") = "Homework17_LiudvynskyiV.S", "Homework17_LiudvynskyiV.S\Homework17_LiudvynskyiV.S.csproj", "{3A6BF3BF-15C5-49BA-9D05-70B6615BA8E6}"
EndProject
Project("{FAE04EC0-301F-11D3-BF4B-00C04F79EFBC}") = "CoreServices.Test", "CoreServices.Test\CoreServices.Test.csproj", "{986840DC-CC42-4CD5-87D8-FB5022E0FDFF}"
EndProject
Global
	GlobalSection(SolutionConfigurationPlatforms) = preSolution
		Debug|Any CPU = Debug|Any CPU
		Release|Any CPU = Release|Any CPU
	EndGlobalSection
	GlobalSection(ProjectConfigurationPlatforms) = postSolution
		{3A6BF3BF-15C5-49BA-9D05-70B6615BA8E6}.Debug|Any CPU.ActiveCfg = Debug|Any CPU
		{3A6BF3BF-15C5-49BA-9D05-70B6615BA8E6}.Debug|Any CPU.Build.0 = Debug|Any CPU
		{3A6BF3BF-15C5-49BA-9D05-70B6615BA8E6}.Release|Any CPU.ActiveCfg = Release|Any CPU
		{3A6BF3BF-15C5-49BA-9D05-70B6615BA8E6}.Release|Any CPU.Build.0 = Release|Any CPU
		{986840DC-CC42-4CD5-87D8-FB5022E0FDFF}.Debug|Any CPU.ActiveCfg = Debug|Any CPU
		{986840DC-CC42-4CD5-87D8-FB5022E0FDFF}.Debug|Any CPU.Build.0 = Debug|Any CPU
		{986840DC-CC42-4CD5-87D8-FB5022E0FDFF}.Release|Any CPU.ActiveCfg = Release|Any CPU
		{986840DC-CC42-4CD5-87D8-FB5022E0FDFF}.Release|Any CPU.Build.0 = Release|Any CPU
	EndGlobalSection
EndGlobal
